
Microsoft Visual Studio Solution File, Format Version 12.00
# Visual Studio Version 17
VisualStudioVersion = 17.5.2.0
MinimumVisualStudioVersion = 10.0.40219.1
Project("{FAE04EC0-301F-11D3-BF4B-00C04F79EFBC}") = "DSA_Lesson1", "DSA_Lesson1\DSA_Lesson1.csproj", "{275CD1B1-AEEA-737C-9005-F0C7402F1839}"
EndProject
Project("{FAE04EC0-301F-11D3-BF4B-00C04F79EFBC}") = "DSA_Session2", "DSA_Session2\DSA_Session2.csproj", "{AED31877-7538-4762-BF5D-360F60B5FFA6}"
EndProject
Project("{FAE04EC0-301F-11D3-BF4B-00C04F79EFBC}") = "DSA_Session03", "DSA_Session03\DSA_Session03.csproj", "{82684CE2-9DAF-4AA1-8259-87CC7CAE4519}"
EndProject
Project("{FAE04EC0-301F-11D3-BF4B-00C04F79EFBC}") = "DSA_Homework_S2", "DSA_Homework_S2\DSA_Homework_S2.csproj", "{4EA73A61-21A9-4379-B38E-44A69EEBF13D}"
EndProject
Project("{FAE04EC0-301F-11D3-BF4B-00C04F79EFBC}") = "DSA_Homework_S3", "DSA_Homework_S3\DSA_Homework_S3.csproj", "{D2E75829-DB8A-461A-B746-2DE8A0891599}"
EndProject
Project("{FAE04EC0-301F-11D3-BF4B-00C04F79EFBC}") = "DSA_Session04_Basics", "DSA_Session04_Basics\DSA_Session04_Basics.csproj", "{F728AA10-BA14-4BF0-9287-0BE26DA4E72B}"
EndProject
Project("{FAE04EC0-301F-11D3-BF4B-00C04F79EFBC}") = "DSA_Session04_Sorting", "DSA_Session04_Sorting\DSA_Session04_Sorting.csproj", "{08FD3AC7-7768-4686-855E-EFB0D2E283CC}"
EndProject
Project("{FAE04EC0-301F-11D3-BF4B-00C04F79EFBC}") = "DSA_Session05_Basics", "DSA_Session05_Basics\DSA_Session05_Basics.csproj", "{30CAE9DF-C1C0-4839-AC1A-5C759C603C11}"
EndProject
Project("{FAE04EC0-301F-11D3-BF4B-00C04F79EFBC}") = "DSA_Session05_Sortings", "DSA_Session05_Sortings\DSA_Session05_Sortings.csproj", "{7278DE96-C819-4DEA-A5B8-24685B7CDA52}"
EndProject
Project("{FAE04EC0-301F-11D3-BF4B-00C04F79EFBC}") = "DSA_Session06_Basics", "DSA_Session06_Basics\DSA_Session06_Basics.csproj", "{5E0ED0ED-99B4-4C9B-9CC5-09CE3C2885E8}"
EndProject
Project("{FAE04EC0-301F-11D3-BF4B-00C04F79EFBC}") = "DSA_Session06_Array", "DSA_Session06_Array\DSA_Session06_Array.csproj", "{086EA461-911D-4867-ADEF-8D32F57156F3}"
EndProject
Project("{FAE04EC0-301F-11D3-BF4B-00C04F79EFBC}") = "DSA_Session07_Basics", "DSA_Session07_Basics\DSA_Session07_Basics.csproj", "{A2A16C53-5555-4502-9D1E-6B01EA1F8658}"
EndProject
Project("{FAE04EC0-301F-11D3-BF4B-00C04F79EFBC}") = "DSA_Session07_SingleLinkedList", "DSA_Session07_SingleLinkedList\DSA_Session07_SingleLinkedList.csproj", "{1A1AD7A5-1067-4EAB-98CB-3724BEE765A4}"
EndProject
Project("{FAE04EC0-301F-11D3-BF4B-00C04F79EFBC}") = "DSA_Session08_DoubleLinkedList", "DSA_Session08_DoubleLinkedList\DSA_Session08_DoubleLinkedList.csproj", "{C693FCC0-21D7-4AB9-8C62-7886BABD7AAB}"
EndProject
Project("{FAE04EC0-301F-11D3-BF4B-00C04F79EFBC}") = "DSA_Session08_06_Circus", "DSA_Session08_06_Circus\DSA_Session08_06_Circus.csproj", "{B0242F73-1FF6-4438-8745-D89E3B7A9262}"
EndProject
Project("{FAE04EC0-301F-11D3-BF4B-00C04F79EFBC}") = "DSA_Session08_Queue", "DSA_Session08_Queue\DSA_Session08_Queue.csproj", "{E597E09A-1E18-48DB-89D0-723AA04A130B}"
EndProject
Project("{FAE04EC0-301F-11D3-BF4B-00C04F79EFBC}") = "DSA_Session08_Queue_01", "DSA_Session08_Queue_01\DSA_Session08_Queue_01.csproj", "{66A816DE-F893-433D-82CA-D02BDAB7A25A}"
EndProject
Project("{FAE04EC0-301F-11D3-BF4B-00C04F79EFBC}") = "DSA_Session08_Queue_02", "DSA_Session08_Queue_02\DSA_Session08_Queue_02.csproj", "{35DCE3C6-41E3-4A41-AE1E-985E8FC7D908}"
EndProject
Global
	GlobalSection(SolutionConfigurationPlatforms) = preSolution
		Debug|Any CPU = Debug|Any CPU
		Debug|x64 = Debug|x64
		Debug|x86 = Debug|x86
		Release|Any CPU = Release|Any CPU
		Release|x64 = Release|x64
		Release|x86 = Release|x86
	EndGlobalSection
	GlobalSection(ProjectConfigurationPlatforms) = postSolution
		{275CD1B1-AEEA-737C-9005-F0C7402F1839}.Debug|Any CPU.ActiveCfg = Debug|Any CPU
		{275CD1B1-AEEA-737C-9005-F0C7402F1839}.Debug|Any CPU.Build.0 = Debug|Any CPU
		{275CD1B1-AEEA-737C-9005-F0C7402F1839}.Debug|x64.ActiveCfg = Debug|Any CPU
		{275CD1B1-AEEA-737C-9005-F0C7402F1839}.Debug|x64.Build.0 = Debug|Any CPU
		{275CD1B1-AEEA-737C-9005-F0C7402F1839}.Debug|x86.ActiveCfg = Debug|Any CPU
		{275CD1B1-AEEA-737C-9005-F0C7402F1839}.Debug|x86.Build.0 = Debug|Any CPU
		{275CD1B1-AEEA-737C-9005-F0C7402F1839}.Release|Any CPU.ActiveCfg = Release|Any CPU
		{275CD1B1-AEEA-737C-9005-F0C7402F1839}.Release|Any CPU.Build.0 = Release|Any CPU
		{275CD1B1-AEEA-737C-9005-F0C7402F1839}.Release|x64.ActiveCfg = Release|Any CPU
		{275CD1B1-AEEA-737C-9005-F0C7402F1839}.Release|x64.Build.0 = Release|Any CPU
		{275CD1B1-AEEA-737C-9005-F0C7402F1839}.Release|x86.ActiveCfg = Release|Any CPU
		{275CD1B1-AEEA-737C-9005-F0C7402F1839}.Release|x86.Build.0 = Release|Any CPU
		{AED31877-7538-4762-BF5D-360F60B5FFA6}.Debug|Any CPU.ActiveCfg = Debug|Any CPU
		{AED31877-7538-4762-BF5D-360F60B5FFA6}.Debug|Any CPU.Build.0 = Debug|Any CPU
		{AED31877-7538-4762-BF5D-360F60B5FFA6}.Debug|x64.ActiveCfg = Debug|Any CPU
		{AED31877-7538-4762-BF5D-360F60B5FFA6}.Debug|x64.Build.0 = Debug|Any CPU
		{AED31877-7538-4762-BF5D-360F60B5FFA6}.Debug|x86.ActiveCfg = Debug|Any CPU
		{AED31877-7538-4762-BF5D-360F60B5FFA6}.Debug|x86.Build.0 = Debug|Any CPU
		{AED31877-7538-4762-BF5D-360F60B5FFA6}.Release|Any CPU.ActiveCfg = Release|Any CPU
		{AED31877-7538-4762-BF5D-360F60B5FFA6}.Release|Any CPU.Build.0 = Release|Any CPU
		{AED31877-7538-4762-BF5D-360F60B5FFA6}.Release|x64.ActiveCfg = Release|Any CPU
		{AED31877-7538-4762-BF5D-360F60B5FFA6}.Release|x64.Build.0 = Release|Any CPU
		{AED31877-7538-4762-BF5D-360F60B5FFA6}.Release|x86.ActiveCfg = Release|Any CPU
		{AED31877-7538-4762-BF5D-360F60B5FFA6}.Release|x86.Build.0 = Release|Any CPU
		{82684CE2-9DAF-4AA1-8259-87CC7CAE4519}.Debug|Any CPU.ActiveCfg = Debug|Any CPU
		{82684CE2-9DAF-4AA1-8259-87CC7CAE4519}.Debug|Any CPU.Build.0 = Debug|Any CPU
		{82684CE2-9DAF-4AA1-8259-87CC7CAE4519}.Debug|x64.ActiveCfg = Debug|Any CPU
		{82684CE2-9DAF-4AA1-8259-87CC7CAE4519}.Debug|x64.Build.0 = Debug|Any CPU
		{82684CE2-9DAF-4AA1-8259-87CC7CAE4519}.Debug|x86.ActiveCfg = Debug|Any CPU
		{82684CE2-9DAF-4AA1-8259-87CC7CAE4519}.Debug|x86.Build.0 = Debug|Any CPU
		{82684CE2-9DAF-4AA1-8259-87CC7CAE4519}.Release|Any CPU.ActiveCfg = Release|Any CPU
		{82684CE2-9DAF-4AA1-8259-87CC7CAE4519}.Release|Any CPU.Build.0 = Release|Any CPU
		{82684CE2-9DAF-4AA1-8259-87CC7CAE4519}.Release|x64.ActiveCfg = Release|Any CPU
		{82684CE2-9DAF-4AA1-8259-87CC7CAE4519}.Release|x64.Build.0 = Release|Any CPU
		{82684CE2-9DAF-4AA1-8259-87CC7CAE4519}.Release|x86.ActiveCfg = Release|Any CPU
		{82684CE2-9DAF-4AA1-8259-87CC7CAE4519}.Release|x86.Build.0 = Release|Any CPU
		{4EA73A61-21A9-4379-B38E-44A69EEBF13D}.Debug|Any CPU.ActiveCfg = Debug|Any CPU
		{4EA73A61-21A9-4379-B38E-44A69EEBF13D}.Debug|Any CPU.Build.0 = Debug|Any CPU
		{4EA73A61-21A9-4379-B38E-44A69EEBF13D}.Debug|x64.ActiveCfg = Debug|Any CPU
		{4EA73A61-21A9-4379-B38E-44A69EEBF13D}.Debug|x64.Build.0 = Debug|Any CPU
		{4EA73A61-21A9-4379-B38E-44A69EEBF13D}.Debug|x86.ActiveCfg = Debug|Any CPU
		{4EA73A61-21A9-4379-B38E-44A69EEBF13D}.Debug|x86.Build.0 = Debug|Any CPU
		{4EA73A61-21A9-4379-B38E-44A69EEBF13D}.Release|Any CPU.ActiveCfg = Release|Any CPU
		{4EA73A61-21A9-4379-B38E-44A69EEBF13D}.Release|Any CPU.Build.0 = Release|Any CPU
		{4EA73A61-21A9-4379-B38E-44A69EEBF13D}.Release|x64.ActiveCfg = Release|Any CPU
		{4EA73A61-21A9-4379-B38E-44A69EEBF13D}.Release|x64.Build.0 = Release|Any CPU
		{4EA73A61-21A9-4379-B38E-44A69EEBF13D}.Release|x86.ActiveCfg = Release|Any CPU
		{4EA73A61-21A9-4379-B38E-44A69EEBF13D}.Release|x86.Build.0 = Release|Any CPU
		{D2E75829-DB8A-461A-B746-2DE8A0891599}.Debug|Any CPU.ActiveCfg = Debug|Any CPU
		{D2E75829-DB8A-461A-B746-2DE8A0891599}.Debug|Any CPU.Build.0 = Debug|Any CPU
		{D2E75829-DB8A-461A-B746-2DE8A0891599}.Debug|x64.ActiveCfg = Debug|Any CPU
		{D2E75829-DB8A-461A-B746-2DE8A0891599}.Debug|x64.Build.0 = Debug|Any CPU
		{D2E75829-DB8A-461A-B746-2DE8A0891599}.Debug|x86.ActiveCfg = Debug|Any CPU
		{D2E75829-DB8A-461A-B746-2DE8A0891599}.Debug|x86.Build.0 = Debug|Any CPU
		{D2E75829-DB8A-461A-B746-2DE8A0891599}.Release|Any CPU.ActiveCfg = Release|Any CPU
		{D2E75829-DB8A-461A-B746-2DE8A0891599}.Release|Any CPU.Build.0 = Release|Any CPU
		{D2E75829-DB8A-461A-B746-2DE8A0891599}.Release|x64.ActiveCfg = Release|Any CPU
		{D2E75829-DB8A-461A-B746-2DE8A0891599}.Release|x64.Build.0 = Release|Any CPU
		{D2E75829-DB8A-461A-B746-2DE8A0891599}.Release|x86.ActiveCfg = Release|Any CPU
		{D2E75829-DB8A-461A-B746-2DE8A0891599}.Release|x86.Build.0 = Release|Any CPU
		{F728AA10-BA14-4BF0-9287-0BE26DA4E72B}.Debug|Any CPU.ActiveCfg = Debug|Any CPU
		{F728AA10-BA14-4BF0-9287-0BE26DA4E72B}.Debug|Any CPU.Build.0 = Debug|Any CPU
		{F728AA10-BA14-4BF0-9287-0BE26DA4E72B}.Debug|x64.ActiveCfg = Debug|Any CPU
		{F728AA10-BA14-4BF0-9287-0BE26DA4E72B}.Debug|x64.Build.0 = Debug|Any CPU
		{F728AA10-BA14-4BF0-9287-0BE26DA4E72B}.Debug|x86.ActiveCfg = Debug|Any CPU
		{F728AA10-BA14-4BF0-9287-0BE26DA4E72B}.Debug|x86.Build.0 = Debug|Any CPU
		{F728AA10-BA14-4BF0-9287-0BE26DA4E72B}.Release|Any CPU.ActiveCfg = Release|Any CPU
		{F728AA10-BA14-4BF0-9287-0BE26DA4E72B}.Release|Any CPU.Build.0 = Release|Any CPU
		{F728AA10-BA14-4BF0-9287-0BE26DA4E72B}.Release|x64.ActiveCfg = Release|Any CPU
		{F728AA10-BA14-4BF0-9287-0BE26DA4E72B}.Release|x64.Build.0 = Release|Any CPU
		{F728AA10-BA14-4BF0-9287-0BE26DA4E72B}.Release|x86.ActiveCfg = Release|Any CPU
		{F728AA10-BA14-4BF0-9287-0BE26DA4E72B}.Release|x86.Build.0 = Release|Any CPU
		{08FD3AC7-7768-4686-855E-EFB0D2E283CC}.Debug|Any CPU.ActiveCfg = Debug|Any CPU
		{08FD3AC7-7768-4686-855E-EFB0D2E283CC}.Debug|Any CPU.Build.0 = Debug|Any CPU
		{08FD3AC7-7768-4686-855E-EFB0D2E283CC}.Debug|x64.ActiveCfg = Debug|Any CPU
		{08FD3AC7-7768-4686-855E-EFB0D2E283CC}.Debug|x64.Build.0 = Debug|Any CPU
		{08FD3AC7-7768-4686-855E-EFB0D2E283CC}.Debug|x86.ActiveCfg = Debug|Any CPU
		{08FD3AC7-7768-4686-855E-EFB0D2E283CC}.Debug|x86.Build.0 = Debug|Any CPU
		{08FD3AC7-7768-4686-855E-EFB0D2E283CC}.Release|Any CPU.ActiveCfg = Release|Any CPU
		{08FD3AC7-7768-4686-855E-EFB0D2E283CC}.Release|Any CPU.Build.0 = Release|Any CPU
		{08FD3AC7-7768-4686-855E-EFB0D2E283CC}.Release|x64.ActiveCfg = Release|Any CPU
		{08FD3AC7-7768-4686-855E-EFB0D2E283CC}.Release|x64.Build.0 = Release|Any CPU
		{08FD3AC7-7768-4686-855E-EFB0D2E283CC}.Release|x86.ActiveCfg = Release|Any CPU
		{08FD3AC7-7768-4686-855E-EFB0D2E283CC}.Release|x86.Build.0 = Release|Any CPU
		{30CAE9DF-C1C0-4839-AC1A-5C759C603C11}.Debug|Any CPU.ActiveCfg = Debug|Any CPU
		{30CAE9DF-C1C0-4839-AC1A-5C759C603C11}.Debug|Any CPU.Build.0 = Debug|Any CPU
		{30CAE9DF-C1C0-4839-AC1A-5C759C603C11}.Debug|x64.ActiveCfg = Debug|Any CPU
		{30CAE9DF-C1C0-4839-AC1A-5C759C603C11}.Debug|x64.Build.0 = Debug|Any CPU
		{30CAE9DF-C1C0-4839-AC1A-5C759C603C11}.Debug|x86.ActiveCfg = Debug|Any CPU
		{30CAE9DF-C1C0-4839-AC1A-5C759C603C11}.Debug|x86.Build.0 = Debug|Any CPU
		{30CAE9DF-C1C0-4839-AC1A-5C759C603C11}.Release|Any CPU.ActiveCfg = Release|Any CPU
		{30CAE9DF-C1C0-4839-AC1A-5C759C603C11}.Release|Any CPU.Build.0 = Release|Any CPU
		{30CAE9DF-C1C0-4839-AC1A-5C759C603C11}.Release|x64.ActiveCfg = Release|Any CPU
		{30CAE9DF-C1C0-4839-AC1A-5C759C603C11}.Release|x64.Build.0 = Release|Any CPU
		{30CAE9DF-C1C0-4839-AC1A-5C759C603C11}.Release|x86.ActiveCfg = Release|Any CPU
		{30CAE9DF-C1C0-4839-AC1A-5C759C603C11}.Release|x86.Build.0 = Release|Any CPU
		{7278DE96-C819-4DEA-A5B8-24685B7CDA52}.Debug|Any CPU.ActiveCfg = Debug|Any CPU
		{7278DE96-C819-4DEA-A5B8-24685B7CDA52}.Debug|Any CPU.Build.0 = Debug|Any CPU
		{7278DE96-C819-4DEA-A5B8-24685B7CDA52}.Debug|x64.ActiveCfg = Debug|Any CPU
		{7278DE96-C819-4DEA-A5B8-24685B7CDA52}.Debug|x64.Build.0 = Debug|Any CPU
		{7278DE96-C819-4DEA-A5B8-24685B7CDA52}.Debug|x86.ActiveCfg = Debug|Any CPU
		{7278DE96-C819-4DEA-A5B8-24685B7CDA52}.Debug|x86.Build.0 = Debug|Any CPU
		{7278DE96-C819-4DEA-A5B8-24685B7CDA52}.Release|Any CPU.ActiveCfg = Release|Any CPU
		{7278DE96-C819-4DEA-A5B8-24685B7CDA52}.Release|Any CPU.Build.0 = Release|Any CPU
		{7278DE96-C819-4DEA-A5B8-24685B7CDA52}.Release|x64.ActiveCfg = Release|Any CPU
		{7278DE96-C819-4DEA-A5B8-24685B7CDA52}.Release|x64.Build.0 = Release|Any CPU
		{7278DE96-C819-4DEA-A5B8-24685B7CDA52}.Release|x86.ActiveCfg = Release|Any CPU
		{7278DE96-C819-4DEA-A5B8-24685B7CDA52}.Release|x86.Build.0 = Release|Any CPU
		{5E0ED0ED-99B4-4C9B-9CC5-09CE3C2885E8}.Debug|Any CPU.ActiveCfg = Debug|Any CPU
		{5E0ED0ED-99B4-4C9B-9CC5-09CE3C2885E8}.Debug|Any CPU.Build.0 = Debug|Any CPU
		{5E0ED0ED-99B4-4C9B-9CC5-09CE3C2885E8}.Debug|x64.ActiveCfg = Debug|Any CPU
		{5E0ED0ED-99B4-4C9B-9CC5-09CE3C2885E8}.Debug|x64.Build.0 = Debug|Any CPU
		{5E0ED0ED-99B4-4C9B-9CC5-09CE3C2885E8}.Debug|x86.ActiveCfg = Debug|Any CPU
		{5E0ED0ED-99B4-4C9B-9CC5-09CE3C2885E8}.Debug|x86.Build.0 = Debug|Any CPU
		{5E0ED0ED-99B4-4C9B-9CC5-09CE3C2885E8}.Release|Any CPU.ActiveCfg = Release|Any CPU
		{5E0ED0ED-99B4-4C9B-9CC5-09CE3C2885E8}.Release|Any CPU.Build.0 = Release|Any CPU
		{5E0ED0ED-99B4-4C9B-9CC5-09CE3C2885E8}.Release|x64.ActiveCfg = Release|Any CPU
		{5E0ED0ED-99B4-4C9B-9CC5-09CE3C2885E8}.Release|x64.Build.0 = Release|Any CPU
		{5E0ED0ED-99B4-4C9B-9CC5-09CE3C2885E8}.Release|x86.ActiveCfg = Release|Any CPU
		{5E0ED0ED-99B4-4C9B-9CC5-09CE3C2885E8}.Release|x86.Build.0 = Release|Any CPU
		{086EA461-911D-4867-ADEF-8D32F57156F3}.Debug|Any CPU.ActiveCfg = Debug|Any CPU
		{086EA461-911D-4867-ADEF-8D32F57156F3}.Debug|Any CPU.Build.0 = Debug|Any CPU
		{086EA461-911D-4867-ADEF-8D32F57156F3}.Debug|x64.ActiveCfg = Debug|Any CPU
		{086EA461-911D-4867-ADEF-8D32F57156F3}.Debug|x64.Build.0 = Debug|Any CPU
		{086EA461-911D-4867-ADEF-8D32F57156F3}.Debug|x86.ActiveCfg = Debug|Any CPU
		{086EA461-911D-4867-ADEF-8D32F57156F3}.Debug|x86.Build.0 = Debug|Any CPU
		{086EA461-911D-4867-ADEF-8D32F57156F3}.Release|Any CPU.ActiveCfg = Release|Any CPU
		{086EA461-911D-4867-ADEF-8D32F57156F3}.Release|Any CPU.Build.0 = Release|Any CPU
		{086EA461-911D-4867-ADEF-8D32F57156F3}.Release|x64.ActiveCfg = Release|Any CPU
		{086EA461-911D-4867-ADEF-8D32F57156F3}.Release|x64.Build.0 = Release|Any CPU
		{086EA461-911D-4867-ADEF-8D32F57156F3}.Release|x86.ActiveCfg = Release|Any CPU
		{086EA461-911D-4867-ADEF-8D32F57156F3}.Release|x86.Build.0 = Release|Any CPU
		{A2A16C53-5555-4502-9D1E-6B01EA1F8658}.Debug|Any CPU.ActiveCfg = Debug|Any CPU
		{A2A16C53-5555-4502-9D1E-6B01EA1F8658}.Debug|Any CPU.Build.0 = Debug|Any CPU
		{A2A16C53-5555-4502-9D1E-6B01EA1F8658}.Debug|x64.ActiveCfg = Debug|Any CPU
		{A2A16C53-5555-4502-9D1E-6B01EA1F8658}.Debug|x64.Build.0 = Debug|Any CPU
		{A2A16C53-5555-4502-9D1E-6B01EA1F8658}.Debug|x86.ActiveCfg = Debug|Any CPU
		{A2A16C53-5555-4502-9D1E-6B01EA1F8658}.Debug|x86.Build.0 = Debug|Any CPU
		{A2A16C53-5555-4502-9D1E-6B01EA1F8658}.Release|Any CPU.ActiveCfg = Release|Any CPU
		{A2A16C53-5555-4502-9D1E-6B01EA1F8658}.Release|Any CPU.Build.0 = Release|Any CPU
		{A2A16C53-5555-4502-9D1E-6B01EA1F8658}.Release|x64.ActiveCfg = Release|Any CPU
		{A2A16C53-5555-4502-9D1E-6B01EA1F8658}.Release|x64.Build.0 = Release|Any CPU
		{A2A16C53-5555-4502-9D1E-6B01EA1F8658}.Release|x86.ActiveCfg = Release|Any CPU
		{A2A16C53-5555-4502-9D1E-6B01EA1F8658}.Release|x86.Build.0 = Release|Any CPU
		{1A1AD7A5-1067-4EAB-98CB-3724BEE765A4}.Debug|Any CPU.ActiveCfg = Debug|Any CPU
		{1A1AD7A5-1067-4EAB-98CB-3724BEE765A4}.Debug|Any CPU.Build.0 = Debug|Any CPU
		{1A1AD7A5-1067-4EAB-98CB-3724BEE765A4}.Debug|x64.ActiveCfg = Debug|Any CPU
		{1A1AD7A5-1067-4EAB-98CB-3724BEE765A4}.Debug|x64.Build.0 = Debug|Any CPU
		{1A1AD7A5-1067-4EAB-98CB-3724BEE765A4}.Debug|x86.ActiveCfg = Debug|Any CPU
		{1A1AD7A5-1067-4EAB-98CB-3724BEE765A4}.Debug|x86.Build.0 = Debug|Any CPU
		{1A1AD7A5-1067-4EAB-98CB-3724BEE765A4}.Release|Any CPU.ActiveCfg = Release|Any CPU
		{1A1AD7A5-1067-4EAB-98CB-3724BEE765A4}.Release|Any CPU.Build.0 = Release|Any CPU
		{1A1AD7A5-1067-4EAB-98CB-3724BEE765A4}.Release|x64.ActiveCfg = Release|Any CPU
		{1A1AD7A5-1067-4EAB-98CB-3724BEE765A4}.Release|x64.Build.0 = Release|Any CPU
		{1A1AD7A5-1067-4EAB-98CB-3724BEE765A4}.Release|x86.ActiveCfg = Release|Any CPU
		{1A1AD7A5-1067-4EAB-98CB-3724BEE765A4}.Release|x86.Build.0 = Release|Any CPU
		{C693FCC0-21D7-4AB9-8C62-7886BABD7AAB}.Debug|Any CPU.ActiveCfg = Debug|Any CPU
		{C693FCC0-21D7-4AB9-8C62-7886BABD7AAB}.Debug|Any CPU.Build.0 = Debug|Any CPU
		{C693FCC0-21D7-4AB9-8C62-7886BABD7AAB}.Debug|x64.ActiveCfg = Debug|Any CPU
		{C693FCC0-21D7-4AB9-8C62-7886BABD7AAB}.Debug|x64.Build.0 = Debug|Any CPU
		{C693FCC0-21D7-4AB9-8C62-7886BABD7AAB}.Debug|x86.ActiveCfg = Debug|Any CPU
		{C693FCC0-21D7-4AB9-8C62-7886BABD7AAB}.Debug|x86.Build.0 = Debug|Any CPU
		{C693FCC0-21D7-4AB9-8C62-7886BABD7AAB}.Release|Any CPU.ActiveCfg = Release|Any CPU
		{C693FCC0-21D7-4AB9-8C62-7886BABD7AAB}.Release|Any CPU.Build.0 = Release|Any CPU
		{C693FCC0-21D7-4AB9-8C62-7886BABD7AAB}.Release|x64.ActiveCfg = Release|Any CPU
		{C693FCC0-21D7-4AB9-8C62-7886BABD7AAB}.Release|x64.Build.0 = Release|Any CPU
		{C693FCC0-21D7-4AB9-8C62-7886BABD7AAB}.Release|x86.ActiveCfg = Release|Any CPU
		{C693FCC0-21D7-4AB9-8C62-7886BABD7AAB}.Release|x86.Build.0 = Release|Any CPU
		{B0242F73-1FF6-4438-8745-D89E3B7A9262}.Debug|Any CPU.ActiveCfg = Debug|Any CPU
		{B0242F73-1FF6-4438-8745-D89E3B7A9262}.Debug|Any CPU.Build.0 = Debug|Any CPU
		{B0242F73-1FF6-4438-8745-D89E3B7A9262}.Debug|x64.ActiveCfg = Debug|Any CPU
		{B0242F73-1FF6-4438-8745-D89E3B7A9262}.Debug|x64.Build.0 = Debug|Any CPU
		{B0242F73-1FF6-4438-8745-D89E3B7A9262}.Debug|x86.ActiveCfg = Debug|Any CPU
		{B0242F73-1FF6-4438-8745-D89E3B7A9262}.Debug|x86.Build.0 = Debug|Any CPU
		{B0242F73-1FF6-4438-8745-D89E3B7A9262}.Release|Any CPU.ActiveCfg = Release|Any CPU
		{B0242F73-1FF6-4438-8745-D89E3B7A9262}.Release|Any CPU.Build.0 = Release|Any CPU
		{B0242F73-1FF6-4438-8745-D89E3B7A9262}.Release|x64.ActiveCfg = Release|Any CPU
		{B0242F73-1FF6-4438-8745-D89E3B7A9262}.Release|x64.Build.0 = Release|Any CPU
		{B0242F73-1FF6-4438-8745-D89E3B7A9262}.Release|x86.ActiveCfg = Release|Any CPU
		{B0242F73-1FF6-4438-8745-D89E3B7A9262}.Release|x86.Build.0 = Release|Any CPU
		{E597E09A-1E18-48DB-89D0-723AA04A130B}.Debug|Any CPU.ActiveCfg = Debug|Any CPU
		{E597E09A-1E18-48DB-89D0-723AA04A130B}.Debug|Any CPU.Build.0 = Debug|Any CPU
		{E597E09A-1E18-48DB-89D0-723AA04A130B}.Debug|x64.ActiveCfg = Debug|Any CPU
		{E597E09A-1E18-48DB-89D0-723AA04A130B}.Debug|x64.Build.0 = Debug|Any CPU
		{E597E09A-1E18-48DB-89D0-723AA04A130B}.Debug|x86.ActiveCfg = Debug|Any CPU
		{E597E09A-1E18-48DB-89D0-723AA04A130B}.Debug|x86.Build.0 = Debug|Any CPU
		{E597E09A-1E18-48DB-89D0-723AA04A130B}.Release|Any CPU.ActiveCfg = Release|Any CPU
		{E597E09A-1E18-48DB-89D0-723AA04A130B}.Release|Any CPU.Build.0 = Release|Any CPU
		{E597E09A-1E18-48DB-89D0-723AA04A130B}.Release|x64.ActiveCfg = Release|Any CPU
		{E597E09A-1E18-48DB-89D0-723AA04A130B}.Release|x64.Build.0 = Release|Any CPU
		{E597E09A-1E18-48DB-89D0-723AA04A130B}.Release|x86.ActiveCfg = Release|Any CPU
		{E597E09A-1E18-48DB-89D0-723AA04A130B}.Release|x86.Build.0 = Release|Any CPU
		{66A816DE-F893-433D-82CA-D02BDAB7A25A}.Debug|Any CPU.ActiveCfg = Debug|Any CPU
		{66A816DE-F893-433D-82CA-D02BDAB7A25A}.Debug|Any CPU.Build.0 = Debug|Any CPU
		{66A816DE-F893-433D-82CA-D02BDAB7A25A}.Debug|x64.ActiveCfg = Debug|Any CPU
		{66A816DE-F893-433D-82CA-D02BDAB7A25A}.Debug|x64.Build.0 = Debug|Any CPU
		{66A816DE-F893-433D-82CA-D02BDAB7A25A}.Debug|x86.ActiveCfg = Debug|Any CPU
		{66A816DE-F893-433D-82CA-D02BDAB7A25A}.Debug|x86.Build.0 = Debug|Any CPU
		{66A816DE-F893-433D-82CA-D02BDAB7A25A}.Release|Any CPU.ActiveCfg = Release|Any CPU
		{66A816DE-F893-433D-82CA-D02BDAB7A25A}.Release|Any CPU.Build.0 = Release|Any CPU
		{66A816DE-F893-433D-82CA-D02BDAB7A25A}.Release|x64.ActiveCfg = Release|Any CPU
		{66A816DE-F893-433D-82CA-D02BDAB7A25A}.Release|x64.Build.0 = Release|Any CPU
		{66A816DE-F893-433D-82CA-D02BDAB7A25A}.Release|x86.ActiveCfg = Release|Any CPU
		{66A816DE-F893-433D-82CA-D02BDAB7A25A}.Release|x86.Build.0 = Release|Any CPU
		{35DCE3C6-41E3-4A41-AE1E-985E8FC7D908}.Debug|Any CPU.ActiveCfg = Debug|Any CPU
		{35DCE3C6-41E3-4A41-AE1E-985E8FC7D908}.Debug|Any CPU.Build.0 = Debug|Any CPU
		{35DCE3C6-41E3-4A41-AE1E-985E8FC7D908}.Debug|x64.ActiveCfg = Debug|Any CPU
		{35DCE3C6-41E3-4A41-AE1E-985E8FC7D908}.Debug|x64.Build.0 = Debug|Any CPU
		{35DCE3C6-41E3-4A41-AE1E-985E8FC7D908}.Debug|x86.ActiveCfg = Debug|Any CPU
		{35DCE3C6-41E3-4A41-AE1E-985E8FC7D908}.Debug|x86.Build.0 = Debug|Any CPU
		{35DCE3C6-41E3-4A41-AE1E-985E8FC7D908}.Release|Any CPU.ActiveCfg = Release|Any CPU
		{35DCE3C6-41E3-4A41-AE1E-985E8FC7D908}.Release|Any CPU.Build.0 = Release|Any CPU
		{35DCE3C6-41E3-4A41-AE1E-985E8FC7D908}.Release|x64.ActiveCfg = Release|Any CPU
		{35DCE3C6-41E3-4A41-AE1E-985E8FC7D908}.Release|x64.Build.0 = Release|Any CPU
		{35DCE3C6-41E3-4A41-AE1E-985E8FC7D908}.Release|x86.ActiveCfg = Release|Any CPU
		{35DCE3C6-41E3-4A41-AE1E-985E8FC7D908}.Release|x86.Build.0 = Release|Any CPU
	EndGlobalSection
	GlobalSection(SolutionProperties) = preSolution
		HideSolutionNode = FALSE
	EndGlobalSection
	GlobalSection(ExtensibilityGlobals) = postSolution
		SolutionGuid = {CFAFB3DE-165D-4AE7-AA2E-4B6894564C0C}
	EndGlobalSection
EndGlobal
