Microsoft Visual Studio Solution File, Format Version 12.00
# Visual Studio Version 17
VisualStudioVersion = 17.5.2.0
MinimumVisualStudioVersion = 10.0.40219.1
Project("{FAE04EC0-301F-11D3-BF4B-00C04F79EFBC}") = "DSA_Lesson1", "DSA_Lesson1\DSA_Lesson1.csproj", "{275CD1B1-AEEA-737C-9005-F0C7402F1839}"
EndProject
Global
	GlobalSection(SolutionConfigurationPlatforms) = preSolution
		Debug|Any CPU = Debug|Any CPU
		Release|Any CPU = Release|Any CPU
	EndGlobalSection
	GlobalSection(ProjectConfigurationPlatforms) = postSolution
		{275CD1B1-AEEA-737C-9005-F0C7402F1839}.Debug|Any CPU.ActiveCfg = Debug|Any CPU
		{275CD1B1-AEEA-737C-9005-F0C7402F1839}.Debug|Any CPU.Build.0 = Debug|Any CPU
		{275CD1B1-AEEA-737C-9005-F0C7402F1839}.Release|Any CPU.ActiveCfg = Release|Any CPU
		{275CD1B1-AEEA-737C-9005-F0C7402F1839}.Release|Any CPU.Build.0 = Release|Any CPU
	EndGlobalSection
	GlobalSection(SolutionProperties) = preSolution
		HideSolutionNode = FALSE
	EndGlobalSection
	GlobalSection(ExtensibilityGlobals) = postSolution
		SolutionGuid = {CFAFB3DE-165D-4AE7-AA2E-4B6894564C0C}
	EndGlobalSection
EndGlobal
